{
  "version": 4,
  "terraform_version": "1.0.11",
  "serial": 28,
  "lineage": "e0f3009d-63f7-a4bb-63af-ccdc83e15056",
  "outputs": {
    "public-ip-for-compute-instance": {
      "value": "152.70.67.239",
      "type": "string"
    }
  },
  "resources": [
    {
      "mode": "managed",
      "type": "oci_core_instance",
      "name": "ubuntu_instance",
      "provider": "provider[\"registry.terraform.io/hashicorp/oci\"]",
      "instances": [
        {
          "schema_version": 0,
          "attributes": {
            "agent_config": [
              {
                "are_all_plugins_disabled": false,
                "is_management_disabled": false,
                "is_monitoring_disabled": false,
                "plugins_config": []
              }
            ],
            "async": null,
            "availability_config": [
              {
                "is_live_migration_preferred": false,
                "recovery_action": "RESTORE_INSTANCE"
              }
            ],
            "availability_domain": "NdZG:AP-HYDERABAD-1-AD-1",
            "boot_volume_id": "ocid1.bootvolume.oc1.ap-hyderabad-1.abuhsljrfsbbg7wd2vkructbtzu3cdh6lsimfmxoyyq5g4rha7wjutnpbnza",
            "capacity_reservation_id": null,
            "compartment_id": "ocid1.compartment.oc1..aaaaaaaavmzf6u5fmc3u2zdwbrdpwnw53j5r22rkzkxywm5wdzarpd7bmtna",
            "create_vnic_details": [
              {
                "assign_private_dns_record": false,
                "assign_public_ip": "true",
                "defined_tags": {
                  "Oracle-Tags.CreatedBy": "yasoja44@gmail.com",
                  "Oracle-Tags.CreatedOn": "2021-12-04T10:12:42.180Z"
                },
                "display_name": "instance20211204101242",
                "freeform_tags": {},
                "hostname_label": "instance20211204101242",
                "nsg_ids": null,
                "private_ip": "172.16.0.73",
                "skip_source_dest_check": false,
                "subnet_id": "ocid1.subnet.oc1.ap-hyderabad-1.aaaaaaaabgf6u4yktjlmn3yfsptwzf3iisddqwo4wzct2cvq4fdulcnwjlka",
                "vlan_id": ""
              }
            ],
            "dedicated_vm_host_id": null,
            "defined_tags": {
              "Oracle-Tags.CreatedBy": "yasoja44@gmail.com",
              "Oracle-Tags.CreatedOn": "2021-12-04T10:12:42.064Z"
            },
            "display_name": "instance20211204101242",
            "extended_metadata": null,
            "fault_domain": "FAULT-DOMAIN-1",
            "freeform_tags": {},
            "hostname_label": "instance20211204101242",
            "id": "ocid1.instance.oc1.ap-hyderabad-1.anuhsljrgltuylacbg23nmdzkt7y57jsekttdca7h42cxsxwkx5zdvkveduq",
            "image": "ocid1.image.oc1.ap-hyderabad-1.aaaaaaaafx7pm3hiyfpsvfwqxnqpf2kdg75kstohaixygsi7xo6dygs2ldsq",
            "instance_options": [
              {
                "are_legacy_imds_endpoints_disabled": false
              }
            ],
            "ipxe_script": null,
            "is_pv_encryption_in_transit_enabled": true,
            "launch_mode": "PARAVIRTUALIZED",
            "launch_options": [
              {
                "boot_volume_type": "PARAVIRTUALIZED",
                "firmware": "UEFI_64",
                "is_consistent_volume_naming_enabled": true,
                "is_pv_encryption_in_transit_enabled": true,
                "network_type": "PARAVIRTUALIZED",
                "remote_data_volume_type": "PARAVIRTUALIZED"
              }
            ],
            "metadata": {
              "ssh_authorized_keys": "ssh-rsa AAAAB3NzaC1yc2EAAAADAQABAAABgQDiiHoHqjv+W3qEunwBzfwEGggN2fIcDm4LsNLwVTQeqdUszStB5Ym6985ooMBCe7FVDU0vtRruAuQCUeo1y52rkxsiGk3C1c+Z+IKvpnXdvj/C+8FjwxS576dNUXi6er8K+N4QikvHBReN1QfO6LTcwpcwrgiBIoXpXNObLdToY9So+ikg/DfTt3acHWlyHeW6OCDF/0+YoBvDyBJo+Z/HwZpX/Rt9iWk/qI+ztr/RZ26K7PEW08s1ZpnFdrzvSJMMxgRKspG0CHga++VPlxSL3nAN0U9Jbop0ZLVca3F5eggXuib1FTaD9aYVvAaRvyqNwaQ8V8Mqbaxm5sg00erObN4fARu2Gt553eC0jlSxIWDDtq9vLCO33LeT270adcoJUSR+ulBPoTVgA21exf9I1Ktm0ZJh6Savgcbx5e5x+AWS9IWiV4tRfJjM4Q5d11s7L7zEYIu/AaOZdfydAuw2yV7K6pK5zvGizarbgYZulaLLJoJQSLVC84mTzQkky9E= user@DESKTOP-M8Q095F"
            },
            "platform_config": [],
            "preemptible_instance_config": [],
            "preserve_boot_volume": null,
            "private_ip": "172.16.0.73",
            "public_ip": "152.70.67.239",
            "region": "ap-hyderabad-1",
            "shape": "VM.Standard.E2.1",
            "shape_config": [
              {
                "baseline_ocpu_utilization": "",
                "gpu_description": "",
                "gpus": 0,
                "local_disk_description": "",
                "local_disks": 0,
                "local_disks_total_size_in_gbs": 0,
                "max_vnic_attachments": 2,
                "memory_in_gbs": 8,
                "networking_bandwidth_in_gbps": 0.699999988079071,
                "ocpus": 1,
                "processor_description": "2.0 GHz AMD EPYC™ 7551 (Naples)"
              }
            ],
            "source_details": [
              {
                "boot_volume_size_in_gbs": "47",
                "kms_key_id": "",
                "source_id": "ocid1.image.oc1.ap-hyderabad-1.aaaaaaaafx7pm3hiyfpsvfwqxnqpf2kdg75kstohaixygsi7xo6dygs2ldsq",
                "source_type": "image"
              }
            ],
            "state": "RUNNING",
            "subnet_id": "ocid1.subnet.oc1.ap-hyderabad-1.aaaaaaaabgf6u4yktjlmn3yfsptwzf3iisddqwo4wzct2cvq4fdulcnwjlka",
            "system_tags": {},
            "time_created": "2021-12-04 10:12:42.405 +0000 UTC",
            "time_maintenance_reboot_due": "",
            "timeouts": null
          },
          "sensitive_attributes": [],
          "private": "eyJlMmJmYjczMC1lY2FhLTExZTYtOGY4OC0zNDM2M2JjN2M0YzAiOnsiY3JlYXRlIjoyNzAwMDAwMDAwMDAwLCJkZWxldGUiOjQ1MDAwMDAwMDAwMDAsInVwZGF0ZSI6MjcwMDAwMDAwMDAwMH19"
        }
      ]
    },
    {
      "mode": "managed",
      "type": "oci_identity_compartment",
      "name": "Compartment2",
      "provider": "provider[\"registry.terraform.io/hashicorp/oci\"]",
      "instances": [
        {
          "schema_version": 0,
          "attributes": {
            "compartment_id": "ocid1.tenancy.oc1..aaaaaaaayvwhvojkagotuif5tvisxlhrwy43lknbcj5x5tx6h72rmcf77a2a",
            "defined_tags": {
              "Oracle-Tags.CreatedBy": "yasoja44@gmail.com",
              "Oracle-Tags.CreatedOn": "2021-11-30T10:38:00.325Z"
            },
            "description": "Compartment for Terraform resources.",
            "enable_delete": null,
            "freeform_tags": {},
            "id": "ocid1.compartment.oc1..aaaaaaaavmzf6u5fmc3u2zdwbrdpwnw53j5r22rkzkxywm5wdzarpd7bmtna",
            "inactive_state": null,
            "is_accessible": true,
            "name": "Compartment2",
            "state": "ACTIVE",
            "time_created": "2021-11-30 10:38:00.507 +0000 UTC",
            "timeouts": null
          },
          "sensitive_attributes": [],
          "private": "eyJlMmJmYjczMC1lY2FhLTExZTYtOGY4OC0zNDM2M2JjN2M0YzAiOnsiZGVsZXRlIjo1NDAwMDAwMDAwMDAwfX0="
        }
      ]
    }
  ]
}
